PODS:
  - Flutter (1.0.0)
  - path_provider_foundation (0.0.1):
    - Flutter
    - FlutterMacOS
  - stockfish_hce (0.1.0):
    - Flutter
  - stockfish_nnue (0.1.0):
    - Flutter

DEPENDENCIES:
  - Flutter (from `Flutter`)
  - path_provider_foundation (from `.symlinks/plugins/path_provider_foundation/darwin`)
  - stockfish_hce (from `.symlinks/plugins/stockfish_hce/ios`)
  - stockfish_nnue (from `.symlinks/plugins/stockfish_nnue/ios`)

EXTERNAL SOURCES:
  Flutter:
    :path: Flutter
  path_provider_foundation:
    :path: ".symlinks/plugins/path_provider_foundation/darwin"
  stockfish_hce:
    :path: ".symlinks/plugins/stockfish_hce/ios"
  stockfish_nnue:
    :path: ".symlinks/plugins/stockfish_nnue/ios"

SPEC CHECKSUMS:
  Flutter: e0871f40cf51350855a761d2e70bf5af5b9b5de7
  path_provider_foundation: 080d55be775b7414fd5a5ef3ac137b97b097e564
  stockfish_hce: 50daf373e522f367b6abacbb615fa85f4b78d1e6
  stockfish_nnue: 6037fdb97d271e807c9236c822ec4ed7569fc996

PODFILE CHECKSUM: 4305caec6b40dde0ae97be1573c53de1882a07e5

COCOAPODS: 1.16.2
