PODS:
  - Flutter (1.0.0)
  - multistockfish_chess (0.2.0):
    - Flutter
  - multistockfish_variant (0.1.0):
    - Flutter
  - path_provider_foundation (0.0.1):
    - Flutter
    - FlutterMacOS

DEPENDENCIES:
  - Flutter (from `Flutter`)
  - multistockfish_chess (from `.symlinks/plugins/multistockfish_chess/ios`)
  - multistockfish_variant (from `.symlinks/plugins/multistockfish_variant/ios`)
  - path_provider_foundation (from `.symlinks/plugins/path_provider_foundation/darwin`)

EXTERNAL SOURCES:
  Flutter:
    :path: Flutter
  multistockfish_chess:
    :path: ".symlinks/plugins/multistockfish_chess/ios"
  multistockfish_variant:
    :path: ".symlinks/plugins/multistockfish_variant/ios"
  path_provider_foundation:
    :path: ".symlinks/plugins/path_provider_foundation/darwin"

SPEC CHECKSUMS:
  Flutter: e0871f40cf51350855a761d2e70bf5af5b9b5de7
  multistockfish_chess: 1bbb4caeddb71744c9726ff1555e0818ac49b1a2
  multistockfish_variant: 77ee0d81c68a9b72f3d0e1794f879ab972ea80b6
  path_provider_foundation: 080d55be775b7414fd5a5ef3ac137b97b097e564

PODFILE CHECKSUM: 4305caec6b40dde0ae97be1573c53de1882a07e5

COCOAPODS: 1.16.2
