PODS:
  - Flutter (1.0.0)
  - multistockfish_chess (0.2.0):
    - Flutter
  - multistockfish_sf16 (0.1.0):
    - Flutter
  - multistockfish_variant (0.1.0):
    - Flutter
  - path_provider_foundation (0.0.1):
    - Flutter
    - FlutterMacOS

DEPENDENCIES:
  - Flutter (from `Flutter`)
  - multistockfish_chess (from `.symlinks/plugins/multistockfish_chess/ios`)
  - multistockfish_sf16 (from `.symlinks/plugins/multistockfish_sf16/ios`)
  - multistockfish_variant (from `.symlinks/plugins/multistockfish_variant/ios`)
  - path_provider_foundation (from `.symlinks/plugins/path_provider_foundation/darwin`)

EXTERNAL SOURCES:
  Flutter:
    :path: Flutter
  multistockfish_chess:
    :path: ".symlinks/plugins/multistockfish_chess/ios"
  multistockfish_sf16:
    :path: ".symlinks/plugins/multistockfish_sf16/ios"
  multistockfish_variant:
    :path: ".symlinks/plugins/multistockfish_variant/ios"
  path_provider_foundation:
    :path: ".symlinks/plugins/path_provider_foundation/darwin"

SPEC CHECKSUMS:
  Flutter: e0871f40cf51350855a761d2e70bf5af5b9b5de7
  multistockfish_chess: 0c4f08d6987f359afa5c9f7b02e04f37dc336d02
  multistockfish_sf16: 0b68c76717a38aab7af00c5a54eb87b3b6df9b17
  multistockfish_variant: e11fc38273552461df4b537ccadd101b18e0e018
  path_provider_foundation: 080d55be775b7414fd5a5ef3ac137b97b097e564

PODFILE CHECKSUM: 4305caec6b40dde0ae97be1573c53de1882a07e5

COCOAPODS: 1.16.2
