PODS:
  - Flutter (1.0.0)
  - multistockfish_fairy (0.1.0):
    - Flutter
  - multistockfish_hce (0.1.0):
    - Flutter
  - multistockfish_nnue (0.1.0):
    - Flutter
  - path_provider_foundation (0.0.1):
    - Flutter
    - FlutterMacOS

DEPENDENCIES:
  - Flutter (from `Flutter`)
  - multistockfish_fairy (from `.symlinks/plugins/multistockfish_fairy/ios`)
  - multistockfish_hce (from `.symlinks/plugins/multistockfish_hce/ios`)
  - multistockfish_nnue (from `.symlinks/plugins/multistockfish_nnue/ios`)
  - path_provider_foundation (from `.symlinks/plugins/path_provider_foundation/darwin`)

EXTERNAL SOURCES:
  Flutter:
    :path: Flutter
  multistockfish_fairy:
    :path: ".symlinks/plugins/multistockfish_fairy/ios"
  multistockfish_hce:
    :path: ".symlinks/plugins/multistockfish_hce/ios"
  multistockfish_nnue:
    :path: ".symlinks/plugins/multistockfish_nnue/ios"
  path_provider_foundation:
    :path: ".symlinks/plugins/path_provider_foundation/darwin"

SPEC CHECKSUMS:
  Flutter: e0871f40cf51350855a761d2e70bf5af5b9b5de7
  multistockfish_fairy: bc38656fd45d81d90b39846f0f1af9519a9bf1cc
  multistockfish_hce: e57cb68bcabd121764e91fd241ff7b84b9ba7403
  multistockfish_nnue: 88b260e87782b2d1cfe2d1b5662087ebcd132758
  path_provider_foundation: 080d55be775b7414fd5a5ef3ac137b97b097e564

PODFILE CHECKSUM: 4305caec6b40dde0ae97be1573c53de1882a07e5

COCOAPODS: 1.16.2
